
Microsoft Visual Studio Solution File, Format Version 12.00
# Visual Studio Version 16
VisualStudioVersion = 16.0.30711.63
MinimumVisualStudioVersion = 10.0.40219.1
Project("{2150E333-8FDC-42A3-9474-1A3956D46DE8}") = "Properties", "Properties", "{B88AA8F4-E248-4B3A-AC0A-6E0AE536CC35}"
	ProjectSection(SolutionItems) = preProject
		Regression.Build.props = Regression.Build.props
		Regression.Environment.props = Regression.Environment.props
	EndProjectSection
EndProject
Project("{9A19103F-16F7-4668-BE54-9A1E7A4F7556}") = "Container.Regression.Activated", "Pattern\Container.Regression.Activated.csproj", "{F1772C94-6588-43B6-B6D8-A3112E119536}"
EndProject
Project("{9A19103F-16F7-4668-BE54-9A1E7A4F7556}") = "Container.Regression.Compiled", "Pattern\Container.Regression.Compiled.csproj", "{3FD52E06-CBEC-4823-B368-33ACC85415E1}"
EndProject
Project("{9A19103F-16F7-4668-BE54-9A1E7A4F7556}") = "Container.Regression.Resolved", "Pattern\Container.Regression.Resolved.csproj", "{B67BCDAB-5DA6-4110-8034-2DF8CE1FC343}"
EndProject
Global
	GlobalSection(SolutionConfigurationPlatforms) = preSolution
		Debug|Any CPU = Debug|Any CPU
		Release|Any CPU = Release|Any CPU
		v4|Any CPU = v4|Any CPU
		v5|Any CPU = v5|Any CPU
	EndGlobalSection
	GlobalSection(ProjectConfigurationPlatforms) = postSolution
		{F1772C94-6588-43B6-B6D8-A3112E119536}.Debug|Any CPU.ActiveCfg = Debug|Any CPU
		{F1772C94-6588-43B6-B6D8-A3112E119536}.Debug|Any CPU.Build.0 = Debug|Any CPU
		{F1772C94-6588-43B6-B6D8-A3112E119536}.Release|Any CPU.ActiveCfg = Release|Any CPU
		{F1772C94-6588-43B6-B6D8-A3112E119536}.Release|Any CPU.Build.0 = Release|Any CPU
		{F1772C94-6588-43B6-B6D8-A3112E119536}.v4|Any CPU.ActiveCfg = v4|Any CPU
		{F1772C94-6588-43B6-B6D8-A3112E119536}.v4|Any CPU.Build.0 = v4|Any CPU
		{F1772C94-6588-43B6-B6D8-A3112E119536}.v5|Any CPU.ActiveCfg = v5|Any CPU
		{F1772C94-6588-43B6-B6D8-A3112E119536}.v5|Any CPU.Build.0 = v5|Any CPU
		{3FD52E06-CBEC-4823-B368-33ACC85415E1}.Debug|Any CPU.ActiveCfg = Debug|Any CPU
		{3FD52E06-CBEC-4823-B368-33ACC85415E1}.Debug|Any CPU.Build.0 = Debug|Any CPU
		{3FD52E06-CBEC-4823-B368-33ACC85415E1}.Release|Any CPU.ActiveCfg = Release|Any CPU
		{3FD52E06-CBEC-4823-B368-33ACC85415E1}.Release|Any CPU.Build.0 = Release|Any CPU
		{3FD52E06-CBEC-4823-B368-33ACC85415E1}.v4|Any CPU.ActiveCfg = v4|Any CPU
		{3FD52E06-CBEC-4823-B368-33ACC85415E1}.v4|Any CPU.Build.0 = v4|Any CPU
		{3FD52E06-CBEC-4823-B368-33ACC85415E1}.v5|Any CPU.ActiveCfg = v5|Any CPU
		{3FD52E06-CBEC-4823-B368-33ACC85415E1}.v5|Any CPU.Build.0 = v5|Any CPU
		{B67BCDAB-5DA6-4110-8034-2DF8CE1FC343}.Debug|Any CPU.ActiveCfg = Debug|Any CPU
		{B67BCDAB-5DA6-4110-8034-2DF8CE1FC343}.Debug|Any CPU.Build.0 = Debug|Any CPU
		{B67BCDAB-5DA6-4110-8034-2DF8CE1FC343}.Release|Any CPU.ActiveCfg = Release|Any CPU
		{B67BCDAB-5DA6-4110-8034-2DF8CE1FC343}.Release|Any CPU.Build.0 = Release|Any CPU
		{B67BCDAB-5DA6-4110-8034-2DF8CE1FC343}.v4|Any CPU.ActiveCfg = v4|Any CPU
		{B67BCDAB-5DA6-4110-8034-2DF8CE1FC343}.v4|Any CPU.Build.0 = v4|Any CPU
		{B67BCDAB-5DA6-4110-8034-2DF8CE1FC343}.v5|Any CPU.ActiveCfg = v5|Any CPU
		{B67BCDAB-5DA6-4110-8034-2DF8CE1FC343}.v5|Any CPU.Build.0 = v5|Any CPU
	EndGlobalSection
	GlobalSection(SolutionProperties) = preSolution
		HideSolutionNode = FALSE
	EndGlobalSection
	GlobalSection(ExtensibilityGlobals) = postSolution
		SolutionGuid = {8A7DF4C4-5EC1-4BE9-9DFB-DF815EC290B7}
	EndGlobalSection
EndGlobal
